schema: '2.0'
stages:
  build_inf_pipeline:
    cmd: python train_model.py
    deps:
    - path: ../data/census_cor.csv
      md5: 171eff96d34336df1a3d2d82bdb82fe3
      size: 3811654
    - path: metrics_on_slices.py
      md5: 31e3a79f2c22e3a398cd96efa3299470
      size: 1033
    - path: ml/data.py
      md5: b9497e8a002e607747e7765b01419767
      size: 2587
    - path: ml/model.py
      md5: cf0aac5e65b371db7dd1fd9cdfa74453
      size: 1444
    - path: train_model.py
      md5: 68a8351b91b6eb1805f4b7a9c954c8b1
      size: 2724
    outs:
    - path: ../metrics/slice_output.txt
      md5: 247ffe74d290496d041b3acbb108e9e1
      size: 1415
    - path: ../model/cl_model.joblib
      md5: 3ce6094345555b2fc33d7e6874cbb554
      size: 1645
    - path: ../model/encoder.joblib
      md5: 26ffbe1eea47094a932e912fd33b7511
      size: 4000
    - path: ../model/lb.joblib
      md5: 7fa2de23a5eb1763a5e5c53a58e8867f
      size: 411
