schema: '2.0'
stages:
  build_inf_pipeline:
    cmd: python train_model.py
    deps:
    - path: ../data/census_cor.csv
      md5: 04c16ef8cf62e8bcd3ea02edda232327
      size: 3995911
    - path: ml/data.py
      md5: 6979161b4d3418b42c1e04036651878b
      size: 2544
    - path: ml/model.py
      md5: 2f5c6f4344a5d384d921bc45949bb29c
      size: 1449
    - path: train_model.py
      md5: bcb6a76dde422ae8d24316f083b0d207
      size: 2289
    outs:
    - path: ../metrics/slice_output.txt
      md5: 9f97069ce6a72804cb70021f7bd5593f
      size: 1445
    - path: ../model/cl_model.joblib
      md5: a68bf2639831e32d6a71d04156324eb7
      size: 1653
    - path: ../model/encoder.joblib
      md5: 26ffbe1eea47094a932e912fd33b7511
      size: 4000
