schema: '2.0'
stages:
  build_inf_pipeline:
    cmd: python train_model.py
    deps:
    - path: ../data/census_cor.csv
      md5: 04c16ef8cf62e8bcd3ea02edda232327
      size: 3995911
    - path: metrics_on_slices.py
      md5: 1b406efcec0fa4b3ecc248b080ffa13f
      size: 1015
    - path: ml/data.py
      md5: 6979161b4d3418b42c1e04036651878b
      size: 2544
    - path: ml/model.py
      md5: 2f5c6f4344a5d384d921bc45949bb29c
      size: 1449
    - path: train_model.py
      md5: 2a1a80ce337fba303dd523d253c96b99
      size: 2437
    outs:
    - path: ../metrics/slice_output.txt
      md5: 8e70add2138c16eeb8677eb2da0c70d1
      size: 1401
    - path: ../model/cl_model.joblib
      md5: a459f9523dde332b85b224d5a4686eb2
      size: 1653
    - path: ../model/encoder.joblib
      md5: 26ffbe1eea47094a932e912fd33b7511
      size: 4000
    - path: ../model/lb.joblib
      md5: 7fa2de23a5eb1763a5e5c53a58e8867f
      size: 411
